{
  "name": "@mason/docker-compose-language-service",
  "version": "1.0.0",
  "lockfileVersion": 3,
  "requires": true,
  "packages": {
    "": {
      "name": "@mason/docker-compose-language-service",
      "version": "1.0.0",
      "license": "ISC",
      "dependencies": {
        "@microsoft/compose-language-service": "^0.5.0"
      }
    },
    "node_modules/@microsoft/compose-language-service": {
      "version": "0.5.0",
      "resolved": "https://registry.npmjs.org/@microsoft/compose-language-service/-/compose-language-service-0.5.0.tgz",
      "integrity": "sha512-4HQRrXzIDhINBDNB0bxR2/e+8g/Tf4gSLNF/gu3uk6ac91hmAM463McMTH7Mf6U+gRSUEof7PYA49E8TmQ2vLQ==",
      "dependencies": {
        "vscode-languageserver": "^10.0.0-next.16",
        "vscode-languageserver-protocol": "^3.17.6-next.16",
        "vscode-languageserver-textdocument": "^1.0.12",
        "yaml": "^2.8.2"
      },
      "bin": {
        "docker-compose-langserver": "bin/docker-compose-langserver"
      },
      "engines": {
        "node": ">=22"
      }
    },
    "node_modules/@microsoft/compose-language-service/node_modules/vscode-jsonrpc": {
      "version": "9.0.0-next.11",
      "resolved": "https://registry.npmjs.org/vscode-jsonrpc/-/vscode-jsonrpc-9.0.0-next.11.tgz",
      "integrity": "sha512-u6LElQNbSiE9OugEEmrUKwH6+8BpPz2S5MDHvQUqHL//I4Q8GPikKLOUf856UnbLkZdhxaPrExac1lA3XwpIPA==",
      "engines": {
        "node": ">=14.0.0"
      }
    },
    "node_modules/@microsoft/compose-language-service/node_modules/vscode-languageserver": {
      "version": "10.0.0-next.17",
      "resolved": "https://registry.npmjs.org/vscode-languageserver/-/vscode-languageserver-10.0.0-next.17.tgz",
      "integrity": "sha512-/bwO/E3RUzIkQ1BQ70gcLdZeM8xvK0JS7gMvtug7yiH0dzTjciqqQTUh3H9NEXsqYEjLzGwiXgRUkt6Z8fQV0Q==",
      "dependencies": {
        "vscode-languageserver-protocol": "3.17.6-next.17"
      },
      "bin": {
        "installServerIntoExtension": "bin/installServerIntoExtension"
      }
    },
    "node_modules/@microsoft/compose-language-service/node_modules/vscode-languageserver-protocol": {
      "version": "3.17.6-next.17",
      "resolved": "https://registry.npmjs.org/vscode-languageserver-protocol/-/vscode-languageserver-protocol-3.17.6-next.17.tgz",
      "integrity": "sha512-HW72YcFsuckfK6oPVuysRXhKiIFJoUvXgspPHvCMWpwe2x9aq2oGZDUSvKx4m/qUGB27+iu8ijAxsFlljYl2IQ==",
      "dependencies": {
        "vscode-jsonrpc": "9.0.0-next.11",
        "vscode-languageserver-types": "3.17.6-next.6"
      }
    },
    "node_modules/@microsoft/compose-language-service/node_modules/vscode-languageserver-textdocument": {
      "version": "1.0.12",
      "resolved": "https://registry.npmjs.org/vscode-languageserver-textdocument/-/vscode-languageserver-textdocument-1.0.12.tgz",
      "integrity": "sha512-cxWNPesCnQCcMPeenjKKsOCKQZ/L6Tv19DTRIGuLWe32lyzWhihGVJ/rcckZXJxfdKCFvRLS3fpBIsV/ZGX4zA=="
    },
    "node_modules/@microsoft/compose-language-service/node_modules/vscode-languageserver-types": {
      "version": "3.17.6-next.6",
      "resolved": "https://registry.npmjs.org/vscode-languageserver-types/-/vscode-languageserver-types-3.17.6-next.6.tgz",
      "integrity": "sha512-aiJY5/yW+xzw7KPNlwi3gQtddq/3EIn5z8X8nCgJfaiAij2R1APKePngv+MUdLdYJBVTLu+Qa0ODsT+pHgYguQ=="
    },
    "node_modules/@microsoft/compose-language-service/node_modules/yaml": {
      "version": "2.8.3",
      "resolved": "https://registry.npmjs.org/yaml/-/yaml-2.8.3.tgz",
      "integrity": "sha512-AvbaCLOO2Otw/lW5bmh9d/WEdcDFdQp2Z2ZUH3pX9U2ihyUY0nvLv7J6TrWowklRGPYbB/IuIMfYgxaCPg5Bpg==",
      "bin": {
        "yaml": "bin.mjs"
      },
      "engines": {
        "node": ">= 14.6"
      },
      "funding": {
        "url": "https://github.com/sponsors/eemeli"
      }
    }
  }
}
